
Microsoft Visual Studio Solution File, Format Version 12.00
# Visual Studio 2012
Project("{FAE04EC0-301F-11D3-BF4B-00C04F79EFBC}") = "SingletonPattern", "SingletonPattern\SingletonPattern.csproj", "{10220E20-9E6A-4A62-99A0-14F807116CFF}"
EndProject
Project("{FAE04EC0-301F-11D3-BF4B-00C04F79EFBC}") = "Inheritance", "Inheritance\Inheritance.csproj", "{9A721975-AFE8-46CD-ACA4-521A21A32B7B}"
EndProject
Project("{FAE04EC0-301F-11D3-BF4B-00C04F79EFBC}") = "Polymorphism", "Polymorphism\Polymorphism.csproj", "{341F2EAF-F5F0-4DEF-AA87-0D4876FB7110}"
EndProject
Project("{FAE04EC0-301F-11D3-BF4B-00C04F79EFBC}") = "Interface", "Interface\Interface.csproj", "{1DF4F16C-33E5-4EAD-9911-C2F302BBA616}"
EndProject
Global
	GlobalSection(SolutionConfigurationPlatforms) = preSolution
		Debug|Any CPU = Debug|Any CPU
		Release|Any CPU = Release|Any CPU
	EndGlobalSection
	GlobalSection(ProjectConfigurationPlatforms) = postSolution
		{10220E20-9E6A-4A62-99A0-14F807116CFF}.Debug|Any CPU.ActiveCfg = Debug|Any CPU
		{10220E20-9E6A-4A62-99A0-14F807116CFF}.Debug|Any CPU.Build.0 = Debug|Any CPU
		{10220E20-9E6A-4A62-99A0-14F807116CFF}.Release|Any CPU.ActiveCfg = Release|Any CPU
		{10220E20-9E6A-4A62-99A0-14F807116CFF}.Release|Any CPU.Build.0 = Release|Any CPU
		{9A721975-AFE8-46CD-ACA4-521A21A32B7B}.Debug|Any CPU.ActiveCfg = Debug|Any CPU
		{9A721975-AFE8-46CD-ACA4-521A21A32B7B}.Debug|Any CPU.Build.0 = Debug|Any CPU
		{9A721975-AFE8-46CD-ACA4-521A21A32B7B}.Release|Any CPU.ActiveCfg = Release|Any CPU
		{9A721975-AFE8-46CD-ACA4-521A21A32B7B}.Release|Any CPU.Build.0 = Release|Any CPU
		{341F2EAF-F5F0-4DEF-AA87-0D4876FB7110}.Debug|Any CPU.ActiveCfg = Debug|Any CPU
		{341F2EAF-F5F0-4DEF-AA87-0D4876FB7110}.Debug|Any CPU.Build.0 = Debug|Any CPU
		{341F2EAF-F5F0-4DEF-AA87-0D4876FB7110}.Release|Any CPU.ActiveCfg = Release|Any CPU
		{341F2EAF-F5F0-4DEF-AA87-0D4876FB7110}.Release|Any CPU.Build.0 = Release|Any CPU
		{1DF4F16C-33E5-4EAD-9911-C2F302BBA616}.Debug|Any CPU.ActiveCfg = Debug|Any CPU
		{1DF4F16C-33E5-4EAD-9911-C2F302BBA616}.Debug|Any CPU.Build.0 = Debug|Any CPU
		{1DF4F16C-33E5-4EAD-9911-C2F302BBA616}.Release|Any CPU.ActiveCfg = Release|Any CPU
		{1DF4F16C-33E5-4EAD-9911-C2F302BBA616}.Release|Any CPU.Build.0 = Release|Any CPU
	EndGlobalSection
	GlobalSection(SolutionProperties) = preSolution
		HideSolutionNode = FALSE
	EndGlobalSection
EndGlobal
